// !$*UTF8*$!
{
	archiveVersion = 1;
	classes = {
	};
	objectVersion = 50;
	objects = {

/* Begin PBXBuildFile section */
		D23EC99126599DB40055DF89 /* AppDelegate.swift in Sources */ = {isa = PBXBuildFile; fileRef = D23EC99026599DB40055DF89 /* AppDelegate.swift */; };
		D23EC99326599DB40055DF89 /* SceneDelegate.swift in Sources */ = {isa = PBXBuildFile; fileRef = D23EC99226599DB40055DF89 /* SceneDelegate.swift */; };
		D23EC99526599DB40055DF89 /* ViewController.swift in Sources */ = {isa = PBXBuildFile; fileRef = D23EC99426599DB40055DF89 /* ViewController.swift */; };
		D23EC99826599DB40055DF89 /* Main.storyboard in Resources */ = {isa = PBXBuildFile; fileRef = D23EC99626599DB40055DF89 /* Main.storyboard */; };
		D23EC99A26599DC00055DF89 /* Assets.xcassets in Resources */ = {isa = PBXBuildFile; fileRef = D23EC99926599DC00055DF89 /* Assets.xcassets */; };
		D23EC99D26599DC00055DF89 /* LaunchScreen.storyboard in Resources */ = {isa = PBXBuildFile; fileRef = D23EC99B26599DC00055DF89 /* LaunchScreen.storyboard */; };
		D23EC9A826599DC10055DF89 /* Homework1Tests.swift in Sources */ = {isa = PBXBuildFile; fileRef = D23EC9A726599DC10055DF89 /* Homework1Tests.swift */; };
		D23EC9B326599DC10055DF89 /* Homework1UITests.swift in Sources */ = {isa = PBXBuildFile; fileRef = D23EC9B226599DC10055DF89 /* Homework1UITests.swift */; };
/* End PBXBuildFile section */

/* Begin PBXContainerItemProxy section */
		D23EC9A426599DC10055DF89 /* PBXContainerItemProxy */ = {
			isa = PBXContainerItemProxy;
			containerPortal = D23EC98526599DB40055DF89 /* Project object */;
			proxyType = 1;
			remoteGlobalIDString = D23EC98C26599DB40055DF89;
			remoteInfo = Homework1;
		};
		D23EC9AF26599DC10055DF89 /* PBXContainerItemProxy */ = {
			isa = PBXContainerItemProxy;
			containerPortal = D23EC98526599DB40055DF89 /* Project object */;
			proxyType = 1;
			remoteGlobalIDString = D23EC98C26599DB40055DF89;
			remoteInfo = Homework1;
		};
/* End PBXContainerItemProxy section */

/* Begin PBXFileReference section */
		D23EC98D26599DB40055DF89 /* Homework1.app */ = {isa = PBXFileReference; explicitFileType = wrapper.application; includeInIndex = 0; path = Homework1.app; sourceTree = BUILT_PRODUCTS_DIR; };
		D23EC99026599DB40055DF89 /* AppDelegate.swift */ = {isa = PBXFileReference; lastKnownFileType = sourcecode.swift; path = AppDelegate.swift; sourceTree = "<group>"; };
		D23EC99226599DB40055DF89 /* SceneDelegate.swift */ = {isa = PBXFileReference; lastKnownFileType = sourcecode.swift; path = SceneDelegate.swift; sourceTree = "<group>"; };
		D23EC99426599DB40055DF89 /* ViewController.swift */ = {isa = PBXFileReference; lastKnownFileType = sourcecode.swift; path = ViewController.swift; sourceTree = "<group>"; };
		D23EC99726599DB40055DF89 /* Base */ = {isa = PBXFileReference; lastKnownFileType = file.storyboard; name = Base; path = Base.lproj/Main.storyboard; sourceTree = "<group>"; };
		D23EC99926599DC00055DF89 /* Assets.xcassets */ = {isa = PBXFileReference; lastKnownFileType = folder.assetcatalog; path = Assets.xcassets; sourceTree = "<group>"; };
		D23EC99C26599DC00055DF89 /* Base */ = {isa = PBXFileReference; lastKnownFileType = file.storyboard; name = Base; path = Base.lproj/LaunchScreen.storyboard; sourceTree = "<group>"; };
		D23EC99E26599DC00055DF89 /* Info.plist */ = {isa = PBXFileReference; lastKnownFileType = text.plist.xml; path = Info.plist; sourceTree = "<group>"; };
		D23EC9A326599DC10055DF89 /* Homework1Tests.xctest */ = {isa = PBXFileReference; explicitFileType = wrapper.cfbundle; includeInIndex = 0; path = Homework1Tests.xctest; sourceTree = BUILT_PRODUCTS_DIR; };
		D23EC9A726599DC10055DF89 /* Homework1Tests.swift */ = {isa = PBXFileReference; lastKnownFileType = sourcecode.swift; path = Homework1Tests.swift; sourceTree = "<group>"; };
		D23EC9A926599DC10055DF89 /* Info.plist */ = {isa = PBXFileReference; lastKnownFileType = text.plist.xml; path = Info.plist; sourceTree = "<group>"; };
		D23EC9AE26599DC10055DF89 /* Homework1UITests.xctest */ = {isa = PBXFileReference; explicitFileType = wrapper.cfbundle; includeInIndex = 0; path = Homework1UITests.xctest; sourceTree = BUILT_PRODUCTS_DIR; };
		D23EC9B226599DC10055DF89 /* Homework1UITests.swift */ = {isa = PBXFileReference; lastKnownFileType = sourcecode.swift; path = Homework1UITests.swift; sourceTree = "<group>"; };
		D23EC9B426599DC10055DF89 /* Info.plist */ = {isa = PBXFileReference; lastKnownFileType = text.plist.xml; path = Info.plist; sourceTree = "<group>"; };
/* End PBXFileReference section */

/* Begin PBXFrameworksBuildPhase section */
		D23EC98A26599DB40055DF89 /* Frameworks */ = {
			isa = PBXFrameworksBuildPhase;
			buildActionMask = 2147483647;
			files = (
			);
			runOnlyForDeploymentPostprocessing = 0;
		};
		D23EC9A026599DC10055DF89 /* Frameworks */ = {
			isa = PBXFrameworksBuildPhase;
			buildActionMask = 2147483647;
			files = (
			);
			runOnlyForDeploymentPostprocessing = 0;
		};
		D23EC9AB26599DC10055DF89 /* Frameworks */ = {
			isa = PBXFrameworksBuildPhase;
			buildActionMask = 2147483647;
			files = (
			);
			runOnlyForDeploymentPostprocessing = 0;
		};
/* End PBXFrameworksBuildPhase section */

/* Begin PBXGroup section */
		D23EC98426599DB40055DF89 = {
			isa = PBXGroup;
			children = (
				D23EC98F26599DB40055DF89 /* Homework1 */,
				D23EC9A626599DC10055DF89 /* Homework1Tests */,
				D23EC9B126599DC10055DF89 /* Homework1UITests */,
				D23EC98E26599DB40055DF89 /* Products */,
			);
			sourceTree = "<group>";
		};
		D23EC98E26599DB40055DF89 /* Products */ = {
			isa = PBXGroup;
			children = (
				D23EC98D26599DB40055DF89 /* Homework1.app */,
				D23EC9A326599DC10055DF89 /* Homework1Tests.xctest */,
				D23EC9AE26599DC10055DF89 /* Homework1UITests.xctest */,
			);
			name = Products;
			sourceTree = "<group>";
		};
		D23EC98F26599DB40055DF89 /* Homework1 */ = {
			isa = PBXGroup;
			children = (
				D23EC99026599DB40055DF89 /* AppDelegate.swift */,
				D23EC99226599DB40055DF89 /* SceneDelegate.swift */,
				D23EC99426599DB40055DF89 /* ViewController.swift */,
				D23EC99626599DB40055DF89 /* Main.storyboard */,
				D23EC99926599DC00055DF89 /* Assets.xcassets */,
				D23EC99B26599DC00055DF89 /* LaunchScreen.storyboard */,
				D23EC99E26599DC00055DF89 /* Info.plist */,
			);
			path = Homework1;
			sourceTree = "<group>";
		};
		D23EC9A626599DC10055DF89 /* Homework1Tests */ = {
			isa = PBXGroup;
			children = (
				D23EC9A726599DC10055DF89 /* Homework1Tests.swift */,
				D23EC9A926599DC10055DF89 /* Info.plist */,
			);
			path = Homework1Tests;
			sourceTree = "<group>";
		};
		D23EC9B126599DC10055DF89 /* Homework1UITests */ = {
			isa = PBXGroup;
			children = (
				D23EC9B226599DC10055DF89 /* Homework1UITests.swift */,
				D23EC9B426599DC10055DF89 /* Info.plist */,
			);
			path = Homework1UITests;
			sourceTree = "<group>";
		};
/* End PBXGroup section */

/* Begin PBXNativeTarget section */
		D23EC98C26599DB40055DF89 /* Homework1 */ = {
			isa = PBXNativeTarget;
			buildConfigurationList = D23EC9B726599DC10055DF89 /* Build configuration list for PBXNativeTarget "Homework1" */;
			buildPhases = (
				D23EC98926599DB40055DF89 /* Sources */,
				D23EC98A26599DB40055DF89 /* Frameworks */,
				D23EC98B26599DB40055DF89 /* Resources */,
			);
			buildRules = (
			);
			dependencies = (
			);
			name = Homework1;
			productName = Homework1;
			productReference = D23EC98D26599DB40055DF89 /* Homework1.app */;
			productType = "com.apple.product-type.application";
		};
		D23EC9A226599DC10055DF89 /* Homework1Tests */ = {
			isa = PBXNativeTarget;
			buildConfigurationList = D23EC9BA26599DC10055DF89 /* Build configuration list for PBXNativeTarget "Homework1Tests" */;
			buildPhases = (
				D23EC99F26599DC10055DF89 /* Sources */,
				D23EC9A026599DC10055DF89 /* Frameworks */,
				D23EC9A126599DC10055DF89 /* Resources */,
			);
			buildRules = (
			);
			dependencies = (
				D23EC9A526599DC10055DF89 /* PBXTargetDependency */,
			);
			name = Homework1Tests;
			productName = Homework1Tests;
			productReference = D23EC9A326599DC10055DF89 /* Homework1Tests.xctest */;
			productType = "com.apple.product-type.bundle.unit-test";
		};
		D23EC9AD26599DC10055DF89 /* Homework1UITests */ = {
			isa = PBXNativeTarget;
			buildConfigurationList = D23EC9BD26599DC10055DF89 /* Build configuration list for PBXNativeTarget "Homework1UITests" */;
			buildPhases = (
				D23EC9AA26599DC10055DF89 /* Sources */,
				D23EC9AB26599DC10055DF89 /* Frameworks */,
				D23EC9AC26599DC10055DF89 /* Resources */,
			);
			buildRules = (
			);
			dependencies = (
				D23EC9B026599DC10055DF89 /* PBXTargetDependency */,
			);
			name = Homework1UITests;
			productName = Homework1UITests;
			productReference = D23EC9AE26599DC10055DF89 /* Homework1UITests.xctest */;
			productType = "com.apple.product-type.bundle.ui-testing";
		};
/* End PBXNativeTarget section */

/* Begin PBXProject section */
		D23EC98526599DB40055DF89 /* Project object */ = {
			isa = PBXProject;
			attributes = {
				LastSwiftUpdateCheck = 1230;
				LastUpgradeCheck = 1230;
				TargetAttributes = {
					D23EC98C26599DB40055DF89 = {
						CreatedOnToolsVersion = 12.3;
					};
					D23EC9A226599DC10055DF89 = {
						CreatedOnToolsVersion = 12.3;
						TestTargetID = D23EC98C26599DB40055DF89;
					};
					D23EC9AD26599DC10055DF89 = {
						CreatedOnToolsVersion = 12.3;
						TestTargetID = D23EC98C26599DB40055DF89;
					};
				};
			};
			buildConfigurationList = D23EC98826599DB40055DF89 /* Build configuration list for PBXProject "Homework1" */;
			compatibilityVersion = "Xcode 9.3";
			developmentRegion = en;
			hasScannedForEncodings = 0;
			knownRegions = (
				en,
				Base,
			);
			mainGroup = D23EC98426599DB40055DF89;
			productRefGroup = D23EC98E26599DB40055DF89 /* Products */;
			projectDirPath = "";
			projectRoot = "";
			targets = (
				D23EC98C26599DB40055DF89 /* Homework1 */,
				D23EC9A226599DC10055DF89 /* Homework1Tests */,
				D23EC9AD26599DC10055DF89 /* Homework1UITests */,
			);
		};
/* End PBXProject section */

/* Begin PBXResourcesBuildPhase section */
		D23EC98B26599DB40055DF89 /* Resources */ = {
			isa = PBXResourcesBuildPhase;
			buildActionMask = 2147483647;
			files = (
				D23EC99D26599DC00055DF89 /* LaunchScreen.storyboard in Resources */,
				D23EC99A26599DC00055DF89 /* Assets.xcassets in Resources */,
				D23EC99826599DB40055DF89 /* Main.storyboard in Resources */,
			);
			runOnlyForDeploymentPostprocessing = 0;
		};
		D23EC9A126599DC10055DF89 /* Resources */ = {
			isa = PBXResourcesBuildPhase;
			buildActionMask = 2147483647;
			files = (
			);
			runOnlyForDeploymentPostprocessing = 0;
		};
		D23EC9AC26599DC10055DF89 /* Resources */ = {
			isa = PBXResourcesBuildPhase;
			buildActionMask = 2147483647;
			files = (
			);
			runOnlyForDeploymentPostprocessing = 0;
		};
/* End PBXResourcesBuildPhase section */

/* Begin PBXSourcesBuildPhase section */
		D23EC98926599DB40055DF89 /* Sources */ = {
			isa = PBXSourcesBuildPhase;
			buildActionMask = 2147483647;
			files = (
				D23EC99526599DB40055DF89 /* ViewController.swift in Sources */,
				D23EC99126599DB40055DF89 /* AppDelegate.swift in Sources */,
				D23EC99326599DB40055DF89 /* SceneDelegate.swift in Sources */,
			);
			runOnlyForDeploymentPostprocessing = 0;
		};
		D23EC99F26599DC10055DF89 /* Sources */ = {
			isa = PBXSourcesBuildPhase;
			buildActionMask = 2147483647;
			files = (
				D23EC9A826599DC10055DF89 /* Homework1Tests.swift in Sources */,
			);
			runOnlyForDeploymentPostprocessing = 0;
		};
		D23EC9AA26599DC10055DF89 /* Sources */ = {
			isa = PBXSourcesBuildPhase;
			buildActionMask = 2147483647;
			files = (
				D23EC9B326599DC10055DF89 /* Homework1UITests.swift in Sources */,
			);
			runOnlyForDeploymentPostprocessing = 0;
		};
/* End PBXSourcesBuildPhase section */

/* Begin PBXTargetDependency section */
		D23EC9A526599DC10055DF89 /* PBXTargetDependency */ = {
			isa = PBXTargetDependency;
			target = D23EC98C26599DB40055DF89 /* Homework1 */;
			targetProxy = D23EC9A426599DC10055DF89 /* PBXContainerItemProxy */;
		};
		D23EC9B026599DC10055DF89 /* PBXTargetDependency */ = {
			isa = PBXTargetDependency;
			target = D23EC98C26599DB40055DF89 /* Homework1 */;
			targetProxy = D23EC9AF26599DC10055DF89 /* PBXContainerItemProxy */;
		};
/* End PBXTargetDependency section */

/* Begin PBXVariantGroup section */
		D23EC99626599DB40055DF89 /* Main.storyboard */ = {
			isa = PBXVariantGroup;
			children = (
				D23EC99726599DB40055DF89 /* Base */,
			);
			name = Main.storyboard;
			sourceTree = "<group>";
		};
		D23EC99B26599DC00055DF89 /* LaunchScreen.storyboard */ = {
			isa = PBXVariantGroup;
			children = (
				D23EC99C26599DC00055DF89 /* Base */,
			);
			name = LaunchScreen.storyboard;
			sourceTree = "<group>";
		};
/* End PBXVariantGroup section */

/* Begin XCBuildConfiguration section */
		D23EC9B526599DC10055DF89 /* Debug */ = {
			isa = XCBuildConfiguration;
			buildSettings = {
				ALWAYS_SEARCH_USER_PATHS = NO;
				CLANG_ANALYZER_NONNULL = YES;
				CLANG_ANALYZER_NUMBER_OBJECT_CONVERSION = YES_AGGRESSIVE;
				CLANG_CXX_LANGUAGE_STANDARD = "gnu++14";
				CLANG_CXX_LIBRARY = "libc++";
				CLANG_ENABLE_MODULES = YES;
				CLANG_ENABLE_OBJC_ARC = YES;
				CLANG_ENABLE_OBJC_WEAK = YES;
				CLANG_WARN_BLOCK_CAPTURE_AUTORELEASING = YES;
				CLANG_WARN_BOOL_CONVERSION = YES;
				CLANG_WARN_COMMA = YES;
				CLANG_WARN_CONSTANT_CONVERSION = YES;
				CLANG_WARN_DEPRECATED_OBJC_IMPLEMENTATIONS = YES;
				CLANG_WARN_DIRECT_OBJC_ISA_USAGE = YES_ERROR;
				CLANG_WARN_DOCUMENTATION_COMMENTS = YES;
				CLANG_WARN_EMPTY_BODY = YES;
				CLANG_WARN_ENUM_CONVERSION = YES;
				CLANG_WARN_INFINITE_RECURSION = YES;
				CLANG_WARN_INT_CONVERSION = YES;
				CLANG_WARN_NON_LITERAL_NULL_CONVERSION = YES;
				CLANG_WARN_OBJC_IMPLICIT_RETAIN_SELF = YES;
				CLANG_WARN_OBJC_LITERAL_CONVERSION = YES;
				CLANG_WARN_OBJC_ROOT_CLASS = YES_ERROR;
				CLANG_WARN_QUOTED_INCLUDE_IN_FRAMEWORK_HEADER = YES;
				CLANG_WARN_RANGE_LOOP_ANALYSIS = YES;
				CLANG_WARN_STRICT_PROTOTYPES = YES;
				CLANG_WARN_SUSPICIOUS_MOVE = YES;
				CLANG_WARN_UNGUARDED_AVAILABILITY = YES_AGGRESSIVE;
				CLANG_WARN_UNREACHABLE_CODE = YES;
				CLANG_WARN__DUPLICATE_METHOD_MATCH = YES;
				COPY_PHASE_STRIP = NO;
				DEBUG_INFORMATION_FORMAT = dwarf;
				ENABLE_STRICT_OBJC_MSGSEND = YES;
				ENABLE_TESTABILITY = YES;
				GCC_C_LANGUAGE_STANDARD = gnu11;
				GCC_DYNAMIC_NO_PIC = NO;
				GCC_NO_COMMON_BLOCKS = YES;
				GCC_OPTIMIZATION_LEVEL = 0;
				GCC_PREPROCESSOR_DEFINITIONS = (
					"DEBUG=1",
					"$(inherited)",
				);
				GCC_WARN_64_TO_32_BIT_CONVERSION = YES;
				GCC_WARN_ABOUT_RETURN_TYPE = YES_ERROR;
				GCC_WARN_UNDECLARED_SELECTOR = YES;
				GCC_WARN_UNINITIALIZED_AUTOS = YES_AGGRESSIVE;
				GCC_WARN_UNUSED_FUNCTION = YES;
				GCC_WARN_UNUSED_VARIABLE = YES;
				IPHONEOS_DEPLOYMENT_TARGET = 14.3;
				MTL_ENABLE_DEBUG_INFO = INCLUDE_SOURCE;
				MTL_FAST_MATH = YES;
				ONLY_ACTIVE_ARCH = YES;
				SDKROOT = iphoneos;
				SWIFT_ACTIVE_COMPILATION_CONDITIONS = DEBUG;
				SWIFT_OPTIMIZATION_LEVEL = "-Onone";
			};
			name = Debug;
		};
		D23EC9B626599DC10055DF89 /* Release */ = {
			isa = XCBuildConfiguration;
			buildSettings = {
				ALWAYS_SEARCH_USER_PATHS = NO;
				CLANG_ANALYZER_NONNULL = YES;
				CLANG_ANALYZER_NUMBER_OBJECT_CONVERSION = YES_AGGRESSIVE;
				CLANG_CXX_LANGUAGE_STANDARD = "gnu++14";
				CLANG_CXX_LIBRARY = "libc++";
				CLANG_ENABLE_MODULES = YES;
				CLANG_ENABLE_OBJC_ARC = YES;
				CLANG_ENABLE_OBJC_WEAK = YES;
				CLANG_WARN_BLOCK_CAPTURE_AUTORELEASING = YES;
				CLANG_WARN_BOOL_CONVERSION = YES;
				CLANG_WARN_COMMA = YES;
				CLANG_WARN_CONSTANT_CONVERSION = YES;
				CLANG_WARN_DEPRECATED_OBJC_IMPLEMENTATIONS = YES;
				CLANG_WARN_DIRECT_OBJC_ISA_USAGE = YES_ERROR;
				CLANG_WARN_DOCUMENTATION_COMMENTS = YES;
				CLANG_WARN_EMPTY_BODY = YES;
				CLANG_WARN_ENUM_CONVERSION = YES;
				CLANG_WARN_INFINITE_RECURSION = YES;
				CLANG_WARN_INT_CONVERSION = YES;
				CLANG_WARN_NON_LITERAL_NULL_CONVERSION = YES;
				CLANG_WARN_OBJC_IMPLICIT_RETAIN_SELF = YES;
				CLANG_WARN_OBJC_LITERAL_CONVERSION = YES;
				CLANG_WARN_OBJC_ROOT_CLASS = YES_ERROR;
				CLANG_WARN_QUOTED_INCLUDE_IN_FRAMEWORK_HEADER = YES;
				CLANG_WARN_RANGE_LOOP_ANALYSIS = YES;
				CLANG_WARN_STRICT_PROTOTYPES = YES;
				CLANG_WARN_SUSPICIOUS_MOVE = YES;
				CLANG_WARN_UNGUARDED_AVAILABILITY = YES_AGGRESSIVE;
				CLANG_WARN_UNREACHABLE_CODE = YES;
				CLANG_WARN__DUPLICATE_METHOD_MATCH = YES;
				COPY_PHASE_STRIP = NO;
				DEBUG_INFORMATION_FORMAT = "dwarf-with-dsym";
				ENABLE_NS_ASSERTIONS = NO;
				ENABLE_STRICT_OBJC_MSGSEND = YES;
				GCC_C_LANGUAGE_STANDARD = gnu11;
				GCC_NO_COMMON_BLOCKS = YES;
				GCC_WARN_64_TO_32_BIT_CONVERSION = YES;
				GCC_WARN_ABOUT_RETURN_TYPE = YES_ERROR;
				GCC_WARN_UNDECLARED_SELECTOR = YES;
				GCC_WARN_UNINITIALIZED_AUTOS = YES_AGGRESSIVE;
				GCC_WARN_UNUSED_FUNCTION = YES;
				GCC_WARN_UNUSED_VARIABLE = YES;
				IPHONEOS_DEPLOYMENT_TARGET = 14.3;
				MTL_ENABLE_DEBUG_INFO = NO;
				MTL_FAST_MATH = YES;
				SDKROOT = iphoneos;
				SWIFT_COMPILATION_MODE = wholemodule;
				SWIFT_OPTIMIZATION_LEVEL = "-O";
				VALIDATE_PRODUCT = YES;
			};
			name = Release;
		};
		D23EC9B826599DC10055DF89 /* Debug */ = {
			isa = XCBuildConfiguration;
			buildSettings = {
				ASSETCATALOG_COMPILER_APPICON_NAME = AppIcon;
				ASSETCATALOG_COMPILER_GLOBAL_ACCENT_COLOR_NAME = AccentColor;
				CODE_SIGN_STYLE = Automatic;
				INFOPLIST_FILE = Homework1/Info.plist;
				LD_RUNPATH_SEARCH_PATHS = (
					"$(inherited)",
					"@executable_path/Frameworks",
				);
				PRODUCT_BUNDLE_IDENTIFIER = com.HristijanStojchevski.Homework1;
				PRODUCT_NAME = "$(TARGET_NAME)";
				SWIFT_VERSION = 5.0;
				TARGETED_DEVICE_FAMILY = "1,2";
			};
			name = Debug;
		};
		D23EC9B926599DC10055DF89 /* Release */ = {
			isa = XCBuildConfiguration;
			buildSettings = {
				ASSETCATALOG_COMPILER_APPICON_NAME = AppIcon;
				ASSETCATALOG_COMPILER_GLOBAL_ACCENT_COLOR_NAME = AccentColor;
				CODE_SIGN_STYLE = Automatic;
				INFOPLIST_FILE = Homework1/Info.plist;
				LD_RUNPATH_SEARCH_PATHS = (
					"$(inherited)",
					"@executable_path/Frameworks",
				);
				PRODUCT_BUNDLE_IDENTIFIER = com.HristijanStojchevski.Homework1;
				PRODUCT_NAME = "$(TARGET_NAME)";
				SWIFT_VERSION = 5.0;
				TARGETED_DEVICE_FAMILY = "1,2";
			};
			name = Release;
		};
		D23EC9BB26599DC10055DF89 /* Debug */ = {
			isa = XCBuildConfiguration;
			buildSettings = {
				ALWAYS_EMBED_SWIFT_STANDARD_LIBRARIES = YES;
				BUNDLE_LOADER = "$(TEST_HOST)";
				CODE_SIGN_STYLE = Automatic;
				INFOPLIST_FILE = Homework1Tests/Info.plist;
				IPHONEOS_DEPLOYMENT_TARGET = 14.3;
				LD_RUNPATH_SEARCH_PATHS = (
					"$(inherited)",
					"@executable_path/Frameworks",
					"@loader_path/Frameworks",
				);
				PRODUCT_BUNDLE_IDENTIFIER = com.HristijanStojchevski.Homework1Tests;
				PRODUCT_NAME = "$(TARGET_NAME)";
				SWIFT_VERSION = 5.0;
				TARGETED_DEVICE_FAMILY = "1,2";
				TEST_HOST = "$(BUILT_PRODUCTS_DIR)/Homework1.app/Homework1";
			};
			name = Debug;
		};
		D23EC9BC26599DC10055DF89 /* Release */ = {
			isa = XCBuildConfiguration;
			buildSettings = {
				ALWAYS_EMBED_SWIFT_STANDARD_LIBRARIES = YES;
				BUNDLE_LOADER = "$(TEST_HOST)";
				CODE_SIGN_STYLE = Automatic;
				INFOPLIST_FILE = Homework1Tests/Info.plist;
				IPHONEOS_DEPLOYMENT_TARGET = 14.3;
				LD_RUNPATH_SEARCH_PATHS = (
					"$(inherited)",
					"@executable_path/Frameworks",
					"@loader_path/Frameworks",
				);
				PRODUCT_BUNDLE_IDENTIFIER = com.HristijanStojchevski.Homework1Tests;
				PRODUCT_NAME = "$(TARGET_NAME)";
				SWIFT_VERSION = 5.0;
				TARGETED_DEVICE_FAMILY = "1,2";
				TEST_HOST = "$(BUILT_PRODUCTS_DIR)/Homework1.app/Homework1";
			};
			name = Release;
		};
		D23EC9BE26599DC10055DF89 /* Debug */ = {
			isa = XCBuildConfiguration;
			buildSettings = {
				ALWAYS_EMBED_SWIFT_STANDARD_LIBRARIES = YES;
				CODE_SIGN_STYLE = Automatic;
				INFOPLIST_FILE = Homework1UITests/Info.plist;
				LD_RUNPATH_SEARCH_PATHS = (
					"$(inherited)",
					"@executable_path/Frameworks",
					"@loader_path/Frameworks",
				);
				PRODUCT_BUNDLE_IDENTIFIER = com.HristijanStojchevski.Homework1UITests;
				PRODUCT_NAME = "$(TARGET_NAME)";
				SWIFT_VERSION = 5.0;
				TARGETED_DEVICE_FAMILY = "1,2";
				TEST_TARGET_NAME = Homework1;
			};
			name = Debug;
		};
		D23EC9BF26599DC10055DF89 /* Release */ = {
			isa = XCBuildConfiguration;
			buildSettings = {
				ALWAYS_EMBED_SWIFT_STANDARD_LIBRARIES = YES;
				CODE_SIGN_STYLE = Automatic;
				INFOPLIST_FILE = Homework1UITests/Info.plist;
				LD_RUNPATH_SEARCH_PATHS = (
					"$(inherited)",
					"@executable_path/Frameworks",
					"@loader_path/Frameworks",
				);
				PRODUCT_BUNDLE_IDENTIFIER = com.HristijanStojchevski.Homework1UITests;
				PRODUCT_NAME = "$(TARGET_NAME)";
				SWIFT_VERSION = 5.0;
				TARGETED_DEVICE_FAMILY = "1,2";
				TEST_TARGET_NAME = Homework1;
			};
			name = Release;
		};
/* End XCBuildConfiguration section */

/* Begin XCConfigurationList section */
		D23EC98826599DB40055DF89 /* Build configuration list for PBXProject "Homework1" */ = {
			isa = XCConfigurationList;
			buildConfigurations = (
				D23EC9B526599DC10055DF89 /* Debug */,
				D23EC9B626599DC10055DF89 /* Release */,
			);
			defaultConfigurationIsVisible = 0;
			defaultConfigurationName = Release;
		};
		D23EC9B726599DC10055DF89 /* Build configuration list for PBXNativeTarget "Homework1" */ = {
			isa = XCConfigurationList;
			buildConfigurations = (
				D23EC9B826599DC10055DF89 /* Debug */,
				D23EC9B926599DC10055DF89 /* Release */,
			);
			defaultConfigurationIsVisible = 0;
			defaultConfigurationName = Release;
		};
		D23EC9BA26599DC10055DF89 /* Build configuration list for PBXNativeTarget "Homework1Tests" */ = {
			isa = XCConfigurationList;
			buildConfigurations = (
				D23EC9BB26599DC10055DF89 /* Debug */,
				D23EC9BC26599DC10055DF89 /* Release */,
			);
			defaultConfigurationIsVisible = 0;
			defaultConfigurationName = Release;
		};
		D23EC9BD26599DC10055DF89 /* Build configuration list for PBXNativeTarget "Homework1UITests" */ = {
			isa = XCConfigurationList;
			buildConfigurations = (
				D23EC9BE26599DC10055DF89 /* Debug */,
				D23EC9BF26599DC10055DF89 /* Release */,
			);
			defaultConfigurationIsVisible = 0;
			defaultConfigurationName = Release;
		};
/* End XCConfigurationList section */
	};
	rootObject = D23EC98526599DB40055DF89 /* Project object */;
}
